
Microsoft Visual Studio Solution File, Format Version 12.00
# Visual Studio 15
VisualStudioVersion = 15.0.28307.168
MinimumVisualStudioVersion = 10.0.40219.1
Project("{FAE04EC0-301F-11D3-BF4B-00C04F79EFBC}") = "Ordi.Core", "Ordi.Core\Ordi.Core.csproj", "{B60FCB00-75D6-4CC6-B341-20208BAA640B}"
EndProject
Project("{FAE04EC0-301F-11D3-BF4B-00C04F79EFBC}") = "Ordi.Windows", "Ordi.Windows\Ordi.Windows.csproj", "{11A02BBB-561D-4CCE-89C4-0B93C6D63C8B}"
EndProject
Project("{FAE04EC0-301F-11D3-BF4B-00C04F79EFBC}") = "Ordi.App", "Ordi.App\Ordi.App.csproj", "{8F2A0FD7-BE67-49D0-9575-318B7ADF9C28}"
EndProject
Project("{FAE04EC0-301F-11D3-BF4B-00C04F79EFBC}") = "Ordi.Browser", "Ordi.Browser\Ordi.Browser.csproj", "{71DBD5ED-F238-410E-ADA0-A04497D4BC42}"
EndProject
Project("{FAE04EC0-301F-11D3-BF4B-00C04F79EFBC}") = "Ordi.Logger", "Ordi.Logger\Ordi.Logger.csproj", "{BDB3D911-2EFC-46F2-ABFD-0CCDC703ED07}"
EndProject
Project("{2150E333-8FDC-42A3-9474-1A3956D46DE8}") = "99-Test", "99-Test", "{CA6B4350-86CA-499B-B7E1-109397DA058A}"
EndProject
Project("{FAE04EC0-301F-11D3-BF4B-00C04F79EFBC}") = "Ordi.App.Test.Utils", "Ordi.App.Test.Utils\Ordi.App.Test.Utils.csproj", "{2E90769E-2393-4872-889A-FFE3287A5C30}"
EndProject
Project("{2150E333-8FDC-42A3-9474-1A3956D46DE8}") = "00-Common", "00-Common", "{16871390-8CAB-4CB7-9D07-1A67299E3DB3}"
EndProject
Project("{2150E333-8FDC-42A3-9474-1A3956D46DE8}") = "01-App", "01-App", "{F22E6DD5-5C79-4282-8C06-F1D21EE1E359}"
EndProject
Project("{2150E333-8FDC-42A3-9474-1A3956D46DE8}") = "02-Server", "02-Server", "{B149F3D2-E06F-458B-93BD-F2BA68E93F84}"
EndProject
Project("{FAE04EC0-301F-11D3-BF4B-00C04F79EFBC}") = "Ordi.Cache", "Ordi.Cache\Ordi.Cache.csproj", "{3E4DC915-9435-422F-A15B-F6C9B1B11AA3}"
EndProject
Project("{FAE04EC0-301F-11D3-BF4B-00C04F79EFBC}") = "Ordi.Images", "Ordi.Image\Ordi.Images.csproj", "{5ACBEA5A-C713-4E4D-B376-3AF9ED8C813D}"
EndProject
Project("{FAE04EC0-301F-11D3-BF4B-00C04F79EFBC}") = "Ordi.ConsoleHost", "Ordi.ConsoleHost\Ordi.ConsoleHost.csproj", "{B0A5F27D-3D4B-4BD5-9AD9-2E3E116620CE}"
EndProject
Project("{2150E333-8FDC-42A3-9474-1A3956D46DE8}") = "03-Middleware", "03-Middleware", "{AEBE17FA-EE94-49F4-B6D7-4E6CFFA741D9}"
EndProject
Project("{FAE04EC0-301F-11D3-BF4B-00C04F79EFBC}") = "Ordi.sBusiness", "Ordi.sBusiness\Ordi.sBusiness.csproj", "{28492E88-7A96-49F0-A282-7B0192686749}"
EndProject
Project("{FAE04EC0-301F-11D3-BF4B-00C04F79EFBC}") = "Ordi.IBusiness", "Ordi.IBusiness\Ordi.IBusiness.csproj", "{0A5C4CE8-2637-4AA7-886A-F770EDDC8CD3}"
EndProject
Project("{FAE04EC0-301F-11D3-BF4B-00C04F79EFBC}") = "Ordi.Instance", "Ordi.Instance\Ordi.Instance.csproj", "{25F90109-F133-49F6-A53E-8F53A913A0B3}"
EndProject
Project("{FAE04EC0-301F-11D3-BF4B-00C04F79EFBC}") = "Ordi.Utils", "Ordi.Utils\Ordi.Utils.csproj", "{CE14A334-5CA2-44EB-9B68-BE63583782CA}"
EndProject
Global
	GlobalSection(SolutionConfigurationPlatforms) = preSolution
		Debug|Any CPU = Debug|Any CPU
		Debug|x64 = Debug|x64
		Debug|x86 = Debug|x86
		Release|Any CPU = Release|Any CPU
		Release|x64 = Release|x64
		Release|x86 = Release|x86
	EndGlobalSection
	GlobalSection(ProjectConfigurationPlatforms) = postSolution
		{B60FCB00-75D6-4CC6-B341-20208BAA640B}.Debug|Any CPU.ActiveCfg = Debug|Any CPU
		{B60FCB00-75D6-4CC6-B341-20208BAA640B}.Debug|Any CPU.Build.0 = Debug|Any CPU
		{B60FCB00-75D6-4CC6-B341-20208BAA640B}.Debug|x64.ActiveCfg = Debug|Any CPU
		{B60FCB00-75D6-4CC6-B341-20208BAA640B}.Debug|x64.Build.0 = Debug|Any CPU
		{B60FCB00-75D6-4CC6-B341-20208BAA640B}.Debug|x86.ActiveCfg = Debug|Any CPU
		{B60FCB00-75D6-4CC6-B341-20208BAA640B}.Debug|x86.Build.0 = Debug|Any CPU
		{B60FCB00-75D6-4CC6-B341-20208BAA640B}.Release|Any CPU.ActiveCfg = Release|Any CPU
		{B60FCB00-75D6-4CC6-B341-20208BAA640B}.Release|Any CPU.Build.0 = Release|Any CPU
		{B60FCB00-75D6-4CC6-B341-20208BAA640B}.Release|x64.ActiveCfg = Release|Any CPU
		{B60FCB00-75D6-4CC6-B341-20208BAA640B}.Release|x64.Build.0 = Release|Any CPU
		{B60FCB00-75D6-4CC6-B341-20208BAA640B}.Release|x86.ActiveCfg = Release|Any CPU
		{B60FCB00-75D6-4CC6-B341-20208BAA640B}.Release|x86.Build.0 = Release|Any CPU
		{11A02BBB-561D-4CCE-89C4-0B93C6D63C8B}.Debug|Any CPU.ActiveCfg = Debug|Any CPU
		{11A02BBB-561D-4CCE-89C4-0B93C6D63C8B}.Debug|Any CPU.Build.0 = Debug|Any CPU
		{11A02BBB-561D-4CCE-89C4-0B93C6D63C8B}.Debug|x64.ActiveCfg = Debug|Any CPU
		{11A02BBB-561D-4CCE-89C4-0B93C6D63C8B}.Debug|x64.Build.0 = Debug|Any CPU
		{11A02BBB-561D-4CCE-89C4-0B93C6D63C8B}.Debug|x86.ActiveCfg = Debug|Any CPU
		{11A02BBB-561D-4CCE-89C4-0B93C6D63C8B}.Debug|x86.Build.0 = Debug|Any CPU
		{11A02BBB-561D-4CCE-89C4-0B93C6D63C8B}.Release|Any CPU.ActiveCfg = Release|Any CPU
		{11A02BBB-561D-4CCE-89C4-0B93C6D63C8B}.Release|Any CPU.Build.0 = Release|Any CPU
		{11A02BBB-561D-4CCE-89C4-0B93C6D63C8B}.Release|x64.ActiveCfg = Release|Any CPU
		{11A02BBB-561D-4CCE-89C4-0B93C6D63C8B}.Release|x64.Build.0 = Release|Any CPU
		{11A02BBB-561D-4CCE-89C4-0B93C6D63C8B}.Release|x86.ActiveCfg = Release|Any CPU
		{11A02BBB-561D-4CCE-89C4-0B93C6D63C8B}.Release|x86.Build.0 = Release|Any CPU
		{8F2A0FD7-BE67-49D0-9575-318B7ADF9C28}.Debug|Any CPU.ActiveCfg = Debug|x86
		{8F2A0FD7-BE67-49D0-9575-318B7ADF9C28}.Debug|Any CPU.Build.0 = Debug|x86
		{8F2A0FD7-BE67-49D0-9575-318B7ADF9C28}.Debug|x64.ActiveCfg = Debug|x64
		{8F2A0FD7-BE67-49D0-9575-318B7ADF9C28}.Debug|x64.Build.0 = Debug|x64
		{8F2A0FD7-BE67-49D0-9575-318B7ADF9C28}.Debug|x86.ActiveCfg = Debug|x86
		{8F2A0FD7-BE67-49D0-9575-318B7ADF9C28}.Debug|x86.Build.0 = Debug|x86
		{8F2A0FD7-BE67-49D0-9575-318B7ADF9C28}.Release|Any CPU.ActiveCfg = Release|x86
		{8F2A0FD7-BE67-49D0-9575-318B7ADF9C28}.Release|Any CPU.Build.0 = Release|x86
		{8F2A0FD7-BE67-49D0-9575-318B7ADF9C28}.Release|x64.ActiveCfg = Release|x64
		{8F2A0FD7-BE67-49D0-9575-318B7ADF9C28}.Release|x64.Build.0 = Release|x64
		{8F2A0FD7-BE67-49D0-9575-318B7ADF9C28}.Release|x86.ActiveCfg = Release|x86
		{8F2A0FD7-BE67-49D0-9575-318B7ADF9C28}.Release|x86.Build.0 = Release|x86
		{71DBD5ED-F238-410E-ADA0-A04497D4BC42}.Debug|Any CPU.ActiveCfg = Debug|x86
		{71DBD5ED-F238-410E-ADA0-A04497D4BC42}.Debug|Any CPU.Build.0 = Debug|x86
		{71DBD5ED-F238-410E-ADA0-A04497D4BC42}.Debug|x64.ActiveCfg = Debug|x64
		{71DBD5ED-F238-410E-ADA0-A04497D4BC42}.Debug|x64.Build.0 = Debug|x64
		{71DBD5ED-F238-410E-ADA0-A04497D4BC42}.Debug|x86.ActiveCfg = Debug|x86
		{71DBD5ED-F238-410E-ADA0-A04497D4BC42}.Debug|x86.Build.0 = Debug|x86
		{71DBD5ED-F238-410E-ADA0-A04497D4BC42}.Release|Any CPU.ActiveCfg = Release|x86
		{71DBD5ED-F238-410E-ADA0-A04497D4BC42}.Release|Any CPU.Build.0 = Release|x86
		{71DBD5ED-F238-410E-ADA0-A04497D4BC42}.Release|x64.ActiveCfg = Release|x64
		{71DBD5ED-F238-410E-ADA0-A04497D4BC42}.Release|x64.Build.0 = Release|x64
		{71DBD5ED-F238-410E-ADA0-A04497D4BC42}.Release|x86.ActiveCfg = Release|x86
		{71DBD5ED-F238-410E-ADA0-A04497D4BC42}.Release|x86.Build.0 = Release|x86
		{BDB3D911-2EFC-46F2-ABFD-0CCDC703ED07}.Debug|Any CPU.ActiveCfg = Debug|Any CPU
		{BDB3D911-2EFC-46F2-ABFD-0CCDC703ED07}.Debug|Any CPU.Build.0 = Debug|Any CPU
		{BDB3D911-2EFC-46F2-ABFD-0CCDC703ED07}.Debug|x64.ActiveCfg = Debug|Any CPU
		{BDB3D911-2EFC-46F2-ABFD-0CCDC703ED07}.Debug|x64.Build.0 = Debug|Any CPU
		{BDB3D911-2EFC-46F2-ABFD-0CCDC703ED07}.Debug|x86.ActiveCfg = Debug|Any CPU
		{BDB3D911-2EFC-46F2-ABFD-0CCDC703ED07}.Debug|x86.Build.0 = Debug|Any CPU
		{BDB3D911-2EFC-46F2-ABFD-0CCDC703ED07}.Release|Any CPU.ActiveCfg = Release|Any CPU
		{BDB3D911-2EFC-46F2-ABFD-0CCDC703ED07}.Release|Any CPU.Build.0 = Release|Any CPU
		{BDB3D911-2EFC-46F2-ABFD-0CCDC703ED07}.Release|x64.ActiveCfg = Release|Any CPU
		{BDB3D911-2EFC-46F2-ABFD-0CCDC703ED07}.Release|x64.Build.0 = Release|Any CPU
		{BDB3D911-2EFC-46F2-ABFD-0CCDC703ED07}.Release|x86.ActiveCfg = Release|Any CPU
		{BDB3D911-2EFC-46F2-ABFD-0CCDC703ED07}.Release|x86.Build.0 = Release|Any CPU
		{2E90769E-2393-4872-889A-FFE3287A5C30}.Debug|Any CPU.ActiveCfg = Debug|Any CPU
		{2E90769E-2393-4872-889A-FFE3287A5C30}.Debug|Any CPU.Build.0 = Debug|Any CPU
		{2E90769E-2393-4872-889A-FFE3287A5C30}.Debug|x64.ActiveCfg = Debug|Any CPU
		{2E90769E-2393-4872-889A-FFE3287A5C30}.Debug|x64.Build.0 = Debug|Any CPU
		{2E90769E-2393-4872-889A-FFE3287A5C30}.Debug|x86.ActiveCfg = Debug|Any CPU
		{2E90769E-2393-4872-889A-FFE3287A5C30}.Debug|x86.Build.0 = Debug|Any CPU
		{2E90769E-2393-4872-889A-FFE3287A5C30}.Release|Any CPU.ActiveCfg = Release|Any CPU
		{2E90769E-2393-4872-889A-FFE3287A5C30}.Release|Any CPU.Build.0 = Release|Any CPU
		{2E90769E-2393-4872-889A-FFE3287A5C30}.Release|x64.ActiveCfg = Release|Any CPU
		{2E90769E-2393-4872-889A-FFE3287A5C30}.Release|x64.Build.0 = Release|Any CPU
		{2E90769E-2393-4872-889A-FFE3287A5C30}.Release|x86.ActiveCfg = Release|Any CPU
		{2E90769E-2393-4872-889A-FFE3287A5C30}.Release|x86.Build.0 = Release|Any CPU
		{3E4DC915-9435-422F-A15B-F6C9B1B11AA3}.Debug|Any CPU.ActiveCfg = Debug|Any CPU
		{3E4DC915-9435-422F-A15B-F6C9B1B11AA3}.Debug|Any CPU.Build.0 = Debug|Any CPU
		{3E4DC915-9435-422F-A15B-F6C9B1B11AA3}.Debug|x64.ActiveCfg = Debug|Any CPU
		{3E4DC915-9435-422F-A15B-F6C9B1B11AA3}.Debug|x64.Build.0 = Debug|Any CPU
		{3E4DC915-9435-422F-A15B-F6C9B1B11AA3}.Debug|x86.ActiveCfg = Debug|Any CPU
		{3E4DC915-9435-422F-A15B-F6C9B1B11AA3}.Debug|x86.Build.0 = Debug|Any CPU
		{3E4DC915-9435-422F-A15B-F6C9B1B11AA3}.Release|Any CPU.ActiveCfg = Release|Any CPU
		{3E4DC915-9435-422F-A15B-F6C9B1B11AA3}.Release|Any CPU.Build.0 = Release|Any CPU
		{3E4DC915-9435-422F-A15B-F6C9B1B11AA3}.Release|x64.ActiveCfg = Release|Any CPU
		{3E4DC915-9435-422F-A15B-F6C9B1B11AA3}.Release|x64.Build.0 = Release|Any CPU
		{3E4DC915-9435-422F-A15B-F6C9B1B11AA3}.Release|x86.ActiveCfg = Release|Any CPU
		{3E4DC915-9435-422F-A15B-F6C9B1B11AA3}.Release|x86.Build.0 = Release|Any CPU
		{5ACBEA5A-C713-4E4D-B376-3AF9ED8C813D}.Debug|Any CPU.ActiveCfg = Debug|Any CPU
		{5ACBEA5A-C713-4E4D-B376-3AF9ED8C813D}.Debug|Any CPU.Build.0 = Debug|Any CPU
		{5ACBEA5A-C713-4E4D-B376-3AF9ED8C813D}.Debug|x64.ActiveCfg = Debug|Any CPU
		{5ACBEA5A-C713-4E4D-B376-3AF9ED8C813D}.Debug|x64.Build.0 = Debug|Any CPU
		{5ACBEA5A-C713-4E4D-B376-3AF9ED8C813D}.Debug|x86.ActiveCfg = Debug|Any CPU
		{5ACBEA5A-C713-4E4D-B376-3AF9ED8C813D}.Debug|x86.Build.0 = Debug|Any CPU
		{5ACBEA5A-C713-4E4D-B376-3AF9ED8C813D}.Release|Any CPU.ActiveCfg = Release|Any CPU
		{5ACBEA5A-C713-4E4D-B376-3AF9ED8C813D}.Release|Any CPU.Build.0 = Release|Any CPU
		{5ACBEA5A-C713-4E4D-B376-3AF9ED8C813D}.Release|x64.ActiveCfg = Release|Any CPU
		{5ACBEA5A-C713-4E4D-B376-3AF9ED8C813D}.Release|x64.Build.0 = Release|Any CPU
		{5ACBEA5A-C713-4E4D-B376-3AF9ED8C813D}.Release|x86.ActiveCfg = Release|Any CPU
		{5ACBEA5A-C713-4E4D-B376-3AF9ED8C813D}.Release|x86.Build.0 = Release|Any CPU
		{B0A5F27D-3D4B-4BD5-9AD9-2E3E116620CE}.Debug|Any CPU.ActiveCfg = Debug|Any CPU
		{B0A5F27D-3D4B-4BD5-9AD9-2E3E116620CE}.Debug|Any CPU.Build.0 = Debug|Any CPU
		{B0A5F27D-3D4B-4BD5-9AD9-2E3E116620CE}.Debug|x64.ActiveCfg = Debug|Any CPU
		{B0A5F27D-3D4B-4BD5-9AD9-2E3E116620CE}.Debug|x64.Build.0 = Debug|Any CPU
		{B0A5F27D-3D4B-4BD5-9AD9-2E3E116620CE}.Debug|x86.ActiveCfg = Debug|Any CPU
		{B0A5F27D-3D4B-4BD5-9AD9-2E3E116620CE}.Debug|x86.Build.0 = Debug|Any CPU
		{B0A5F27D-3D4B-4BD5-9AD9-2E3E116620CE}.Release|Any CPU.ActiveCfg = Release|Any CPU
		{B0A5F27D-3D4B-4BD5-9AD9-2E3E116620CE}.Release|Any CPU.Build.0 = Release|Any CPU
		{B0A5F27D-3D4B-4BD5-9AD9-2E3E116620CE}.Release|x64.ActiveCfg = Release|Any CPU
		{B0A5F27D-3D4B-4BD5-9AD9-2E3E116620CE}.Release|x64.Build.0 = Release|Any CPU
		{B0A5F27D-3D4B-4BD5-9AD9-2E3E116620CE}.Release|x86.ActiveCfg = Release|Any CPU
		{B0A5F27D-3D4B-4BD5-9AD9-2E3E116620CE}.Release|x86.Build.0 = Release|Any CPU
		{28492E88-7A96-49F0-A282-7B0192686749}.Debug|Any CPU.ActiveCfg = Debug|Any CPU
		{28492E88-7A96-49F0-A282-7B0192686749}.Debug|Any CPU.Build.0 = Debug|Any CPU
		{28492E88-7A96-49F0-A282-7B0192686749}.Debug|x64.ActiveCfg = Debug|Any CPU
		{28492E88-7A96-49F0-A282-7B0192686749}.Debug|x64.Build.0 = Debug|Any CPU
		{28492E88-7A96-49F0-A282-7B0192686749}.Debug|x86.ActiveCfg = Debug|Any CPU
		{28492E88-7A96-49F0-A282-7B0192686749}.Debug|x86.Build.0 = Debug|Any CPU
		{28492E88-7A96-49F0-A282-7B0192686749}.Release|Any CPU.ActiveCfg = Release|Any CPU
		{28492E88-7A96-49F0-A282-7B0192686749}.Release|Any CPU.Build.0 = Release|Any CPU
		{28492E88-7A96-49F0-A282-7B0192686749}.Release|x64.ActiveCfg = Release|Any CPU
		{28492E88-7A96-49F0-A282-7B0192686749}.Release|x64.Build.0 = Release|Any CPU
		{28492E88-7A96-49F0-A282-7B0192686749}.Release|x86.ActiveCfg = Release|Any CPU
		{28492E88-7A96-49F0-A282-7B0192686749}.Release|x86.Build.0 = Release|Any CPU
		{0A5C4CE8-2637-4AA7-886A-F770EDDC8CD3}.Debug|Any CPU.ActiveCfg = Debug|Any CPU
		{0A5C4CE8-2637-4AA7-886A-F770EDDC8CD3}.Debug|Any CPU.Build.0 = Debug|Any CPU
		{0A5C4CE8-2637-4AA7-886A-F770EDDC8CD3}.Debug|x64.ActiveCfg = Debug|Any CPU
		{0A5C4CE8-2637-4AA7-886A-F770EDDC8CD3}.Debug|x64.Build.0 = Debug|Any CPU
		{0A5C4CE8-2637-4AA7-886A-F770EDDC8CD3}.Debug|x86.ActiveCfg = Debug|Any CPU
		{0A5C4CE8-2637-4AA7-886A-F770EDDC8CD3}.Debug|x86.Build.0 = Debug|Any CPU
		{0A5C4CE8-2637-4AA7-886A-F770EDDC8CD3}.Release|Any CPU.ActiveCfg = Release|Any CPU
		{0A5C4CE8-2637-4AA7-886A-F770EDDC8CD3}.Release|Any CPU.Build.0 = Release|Any CPU
		{0A5C4CE8-2637-4AA7-886A-F770EDDC8CD3}.Release|x64.ActiveCfg = Release|Any CPU
		{0A5C4CE8-2637-4AA7-886A-F770EDDC8CD3}.Release|x64.Build.0 = Release|Any CPU
		{0A5C4CE8-2637-4AA7-886A-F770EDDC8CD3}.Release|x86.ActiveCfg = Release|Any CPU
		{0A5C4CE8-2637-4AA7-886A-F770EDDC8CD3}.Release|x86.Build.0 = Release|Any CPU
		{25F90109-F133-49F6-A53E-8F53A913A0B3}.Debug|Any CPU.ActiveCfg = Debug|Any CPU
		{25F90109-F133-49F6-A53E-8F53A913A0B3}.Debug|Any CPU.Build.0 = Debug|Any CPU
		{25F90109-F133-49F6-A53E-8F53A913A0B3}.Debug|x64.ActiveCfg = Debug|Any CPU
		{25F90109-F133-49F6-A53E-8F53A913A0B3}.Debug|x64.Build.0 = Debug|Any CPU
		{25F90109-F133-49F6-A53E-8F53A913A0B3}.Debug|x86.ActiveCfg = Debug|Any CPU
		{25F90109-F133-49F6-A53E-8F53A913A0B3}.Debug|x86.Build.0 = Debug|Any CPU
		{25F90109-F133-49F6-A53E-8F53A913A0B3}.Release|Any CPU.ActiveCfg = Release|Any CPU
		{25F90109-F133-49F6-A53E-8F53A913A0B3}.Release|Any CPU.Build.0 = Release|Any CPU
		{25F90109-F133-49F6-A53E-8F53A913A0B3}.Release|x64.ActiveCfg = Release|Any CPU
		{25F90109-F133-49F6-A53E-8F53A913A0B3}.Release|x64.Build.0 = Release|Any CPU
		{25F90109-F133-49F6-A53E-8F53A913A0B3}.Release|x86.ActiveCfg = Release|Any CPU
		{25F90109-F133-49F6-A53E-8F53A913A0B3}.Release|x86.Build.0 = Release|Any CPU
		{CE14A334-5CA2-44EB-9B68-BE63583782CA}.Debug|Any CPU.ActiveCfg = Debug|Any CPU
		{CE14A334-5CA2-44EB-9B68-BE63583782CA}.Debug|Any CPU.Build.0 = Debug|Any CPU
		{CE14A334-5CA2-44EB-9B68-BE63583782CA}.Debug|x64.ActiveCfg = Debug|Any CPU
		{CE14A334-5CA2-44EB-9B68-BE63583782CA}.Debug|x64.Build.0 = Debug|Any CPU
		{CE14A334-5CA2-44EB-9B68-BE63583782CA}.Debug|x86.ActiveCfg = Debug|Any CPU
		{CE14A334-5CA2-44EB-9B68-BE63583782CA}.Debug|x86.Build.0 = Debug|Any CPU
		{CE14A334-5CA2-44EB-9B68-BE63583782CA}.Release|Any CPU.ActiveCfg = Release|Any CPU
		{CE14A334-5CA2-44EB-9B68-BE63583782CA}.Release|Any CPU.Build.0 = Release|Any CPU
		{CE14A334-5CA2-44EB-9B68-BE63583782CA}.Release|x64.ActiveCfg = Release|Any CPU
		{CE14A334-5CA2-44EB-9B68-BE63583782CA}.Release|x64.Build.0 = Release|Any CPU
		{CE14A334-5CA2-44EB-9B68-BE63583782CA}.Release|x86.ActiveCfg = Release|Any CPU
		{CE14A334-5CA2-44EB-9B68-BE63583782CA}.Release|x86.Build.0 = Release|Any CPU
	EndGlobalSection
	GlobalSection(SolutionProperties) = preSolution
		HideSolutionNode = FALSE
	EndGlobalSection
	GlobalSection(NestedProjects) = preSolution
		{B60FCB00-75D6-4CC6-B341-20208BAA640B} = {16871390-8CAB-4CB7-9D07-1A67299E3DB3}
		{11A02BBB-561D-4CCE-89C4-0B93C6D63C8B} = {F22E6DD5-5C79-4282-8C06-F1D21EE1E359}
		{8F2A0FD7-BE67-49D0-9575-318B7ADF9C28} = {F22E6DD5-5C79-4282-8C06-F1D21EE1E359}
		{71DBD5ED-F238-410E-ADA0-A04497D4BC42} = {F22E6DD5-5C79-4282-8C06-F1D21EE1E359}
		{BDB3D911-2EFC-46F2-ABFD-0CCDC703ED07} = {16871390-8CAB-4CB7-9D07-1A67299E3DB3}
		{2E90769E-2393-4872-889A-FFE3287A5C30} = {CA6B4350-86CA-499B-B7E1-109397DA058A}
		{3E4DC915-9435-422F-A15B-F6C9B1B11AA3} = {16871390-8CAB-4CB7-9D07-1A67299E3DB3}
		{5ACBEA5A-C713-4E4D-B376-3AF9ED8C813D} = {16871390-8CAB-4CB7-9D07-1A67299E3DB3}
		{B0A5F27D-3D4B-4BD5-9AD9-2E3E116620CE} = {B149F3D2-E06F-458B-93BD-F2BA68E93F84}
		{28492E88-7A96-49F0-A282-7B0192686749} = {B149F3D2-E06F-458B-93BD-F2BA68E93F84}
		{0A5C4CE8-2637-4AA7-886A-F770EDDC8CD3} = {B149F3D2-E06F-458B-93BD-F2BA68E93F84}
		{25F90109-F133-49F6-A53E-8F53A913A0B3} = {B149F3D2-E06F-458B-93BD-F2BA68E93F84}
		{CE14A334-5CA2-44EB-9B68-BE63583782CA} = {F22E6DD5-5C79-4282-8C06-F1D21EE1E359}
	EndGlobalSection
	GlobalSection(ExtensibilityGlobals) = postSolution
		SolutionGuid = {F7AEB508-39EA-4E39-B995-53EED3873440}
	EndGlobalSection
EndGlobal
